
Microsoft Visual Studio Solution File, Format Version 12.00
# Visual Studio Version 17
VisualStudioVersion = 17.13.35913.81 d17.13
MinimumVisualStudioVersion = 10.0.40219.1
Project("{FAE04EC0-301F-11D3-BF4B-00C04F79EFBC}") = "Ferretería Manos a la Obra", "Ferretería Manos a la Obra.csproj", "{5AA8F296-A032-4ADE-9FF9-88282F650509}"
EndProject
Global
	GlobalSection(SolutionConfigurationPlatforms) = preSolution
		Debug|Any CPU = Debug|Any CPU
		Release|Any CPU = Release|Any CPU
	EndGlobalSection
	GlobalSection(ProjectConfigurationPlatforms) = postSolution
		{5AA8F296-A032-4ADE-9FF9-88282F650509}.Debug|Any CPU.ActiveCfg = Debug|Any CPU
		{5AA8F296-A032-4ADE-9FF9-88282F650509}.Debug|Any CPU.Build.0 = Debug|Any CPU
		{5AA8F296-A032-4ADE-9FF9-88282F650509}.Release|Any CPU.ActiveCfg = Release|Any CPU
		{5AA8F296-A032-4ADE-9FF9-88282F650509}.Release|Any CPU.Build.0 = Release|Any CPU
	EndGlobalSection
	GlobalSection(SolutionProperties) = preSolution
		HideSolutionNode = FALSE
	EndGlobalSection
	GlobalSection(ExtensibilityGlobals) = postSolution
		SolutionGuid = {04D7B451-CE5B-4182-B99B-B45BD939CFF5}
	EndGlobalSection
EndGlobal
